
Microsoft Visual Studio Solution File, Format Version 12.00
# Visual Studio Version 17
VisualStudioVersion = 17.2.32630.192
MinimumVisualStudioVersion = 10.0.40219.1
Project("{FAE04EC0-301F-11D3-BF4B-00C04F79EFBC}") = "FinalProjectProgWeb3", "FinalProjectProgWeb3\FinalProjectProgWeb3.csproj", "{C58ECD71-A78A-439B-87B4-171BE0B42674}"
EndProject
Project("{FAE04EC0-301F-11D3-BF4B-00C04F79EFBC}") = "FinalProjectProgWeb3.Core", "FinalProjectProgWeb3.Core\FinalProjectProgWeb3.Core.csproj", "{16EC255E-F344-43E8-838E-BD8EE3DA9F43}"
EndProject
Project("{FAE04EC0-301F-11D3-BF4B-00C04F79EFBC}") = "FinalProjectProgWeb3.Infra.Data", "FinalProjectProgWeb3.Infra.Data\FinalProjectProgWeb3.Infra.Data.csproj", "{BB25A6DD-004E-4634-AEFE-E43D15912580}"
EndProject
Global
	GlobalSection(SolutionConfigurationPlatforms) = preSolution
		Debug|Any CPU = Debug|Any CPU
		Release|Any CPU = Release|Any CPU
	EndGlobalSection
	GlobalSection(ProjectConfigurationPlatforms) = postSolution
		{C58ECD71-A78A-439B-87B4-171BE0B42674}.Debug|Any CPU.ActiveCfg = Debug|Any CPU
		{C58ECD71-A78A-439B-87B4-171BE0B42674}.Debug|Any CPU.Build.0 = Debug|Any CPU
		{C58ECD71-A78A-439B-87B4-171BE0B42674}.Release|Any CPU.ActiveCfg = Release|Any CPU
		{C58ECD71-A78A-439B-87B4-171BE0B42674}.Release|Any CPU.Build.0 = Release|Any CPU
		{16EC255E-F344-43E8-838E-BD8EE3DA9F43}.Debug|Any CPU.ActiveCfg = Debug|Any CPU
		{16EC255E-F344-43E8-838E-BD8EE3DA9F43}.Debug|Any CPU.Build.0 = Debug|Any CPU
		{16EC255E-F344-43E8-838E-BD8EE3DA9F43}.Release|Any CPU.ActiveCfg = Release|Any CPU
		{16EC255E-F344-43E8-838E-BD8EE3DA9F43}.Release|Any CPU.Build.0 = Release|Any CPU
		{BB25A6DD-004E-4634-AEFE-E43D15912580}.Debug|Any CPU.ActiveCfg = Debug|Any CPU
		{BB25A6DD-004E-4634-AEFE-E43D15912580}.Debug|Any CPU.Build.0 = Debug|Any CPU
		{BB25A6DD-004E-4634-AEFE-E43D15912580}.Release|Any CPU.ActiveCfg = Release|Any CPU
		{BB25A6DD-004E-4634-AEFE-E43D15912580}.Release|Any CPU.Build.0 = Release|Any CPU
	EndGlobalSection
	GlobalSection(SolutionProperties) = preSolution
		HideSolutionNode = FALSE
	EndGlobalSection
	GlobalSection(ExtensibilityGlobals) = postSolution
		SolutionGuid = {2FD9D76C-3640-4551-8029-C12AC5491AB2}
	EndGlobalSection
EndGlobal
